// !$*UTF8*$!
{
	archiveVersion = 1;
	classes = {
	};
	objectVersion = 46;
	objects = {

/* Begin PBXBuildFile section */
		34F9463F1EFDAE56002251FC /* AppDelegate.swift in Sources */ = {isa = PBXBuildFile; fileRef = 34F9463E1EFDAE56002251FC /* AppDelegate.swift */; };
		34F946411EFDAE56002251FC /* ViewController.swift in Sources */ = {isa = PBXBuildFile; fileRef = 34F946401EFDAE56002251FC /* ViewController.swift */; };
		34F946441EFDAE56002251FC /* Main.storyboard in Resources */ = {isa = PBXBuildFile; fileRef = 34F946421EFDAE56002251FC /* Main.storyboard */; };
		34F946461EFDAE56002251FC /* Assets.xcassets in Resources */ = {isa = PBXBuildFile; fileRef = 34F946451EFDAE56002251FC /* Assets.xcassets */; };
		34F946491EFDAE56002251FC /* LaunchScreen.storyboard in Resources */ = {isa = PBXBuildFile; fileRef = 34F946471EFDAE56002251FC /* LaunchScreen.storyboard */; };
		34F946511EFDAF27002251FC /* customCell.swift in Sources */ = {isa = PBXBuildFile; fileRef = 34F946501EFDAF27002251FC /* customCell.swift */; };
		34F946531EFDAF2D002251FC /* u27.jpg in Resources */ = {isa = PBXBuildFile; fileRef = 34F946521EFDAF2D002251FC /* u27.jpg */; };
/* End PBXBuildFile section */

/* Begin PBXFileReference section */
		34F9463B1EFDAE56002251FC /* customTableViewCell.app */ = {isa = PBXFileReference; explicitFileType = wrapper.application; includeInIndex = 0; path = customTableViewCell.app; sourceTree = BUILT_PRODUCTS_DIR; };
		34F9463E1EFDAE56002251FC /* AppDelegate.swift */ = {isa = PBXFileReference; lastKnownFileType = sourcecode.swift; path = AppDelegate.swift; sourceTree = "<group>"; };
		34F946401EFDAE56002251FC /* ViewController.swift */ = {isa = PBXFileReference; lastKnownFileType = sourcecode.swift; path = ViewController.swift; sourceTree = "<group>"; };
		34F946431EFDAE56002251FC /* Base */ = {isa = PBXFileReference; lastKnownFileType = file.storyboard; name = Base; path = Base.lproj/Main.storyboard; sourceTree = "<group>"; };
		34F946451EFDAE56002251FC /* Assets.xcassets */ = {isa = PBXFileReference; lastKnownFileType = folder.assetcatalog; path = Assets.xcassets; sourceTree = "<group>"; };
		34F946481EFDAE56002251FC /* Base */ = {isa = PBXFileReference; lastKnownFileType = file.storyboard; name = Base; path = Base.lproj/LaunchScreen.storyboard; sourceTree = "<group>"; };
		34F9464A1EFDAE56002251FC /* Info.plist */ = {isa = PBXFileReference; lastKnownFileType = text.plist.xml; path = Info.plist; sourceTree = "<group>"; };
		34F946501EFDAF27002251FC /* customCell.swift */ = {isa = PBXFileReference; fileEncoding = 4; lastKnownFileType = sourcecode.swift; path = customCell.swift; sourceTree = "<group>"; };
		34F946521EFDAF2D002251FC /* u27.jpg */ = {isa = PBXFileReference; lastKnownFileType = image.jpeg; path = u27.jpg; sourceTree = "<group>"; };
/* End PBXFileReference section */

/* Begin PBXFrameworksBuildPhase section */
		34F946381EFDAE56002251FC /* Frameworks */ = {
			isa = PBXFrameworksBuildPhase;
			buildActionMask = 2147483647;
			files = (
			);
			runOnlyForDeploymentPostprocessing = 0;
		};
/* End PBXFrameworksBuildPhase section */

/* Begin PBXGroup section */
		34F946321EFDAE56002251FC = {
			isa = PBXGroup;
			children = (
				34F9463D1EFDAE56002251FC /* customTableViewCell */,
				34F9463C1EFDAE56002251FC /* Products */,
			);
			sourceTree = "<group>";
		};
		34F9463C1EFDAE56002251FC /* Products */ = {
			isa = PBXGroup;
			children = (
				34F9463B1EFDAE56002251FC /* customTableViewCell.app */,
			);
			name = Products;
			sourceTree = "<group>";
		};
		34F9463D1EFDAE56002251FC /* customTableViewCell */ = {
			isa = PBXGroup;
			children = (
				34F9463E1EFDAE56002251FC /* AppDelegate.swift */,
				34F946401EFDAE56002251FC /* ViewController.swift */,
				34F946521EFDAF2D002251FC /* u27.jpg */,
				34F946421EFDAE56002251FC /* Main.storyboard */,
				34F946501EFDAF27002251FC /* customCell.swift */,
				34F946451EFDAE56002251FC /* Assets.xcassets */,
				34F946471EFDAE56002251FC /* LaunchScreen.storyboard */,
				34F9464A1EFDAE56002251FC /* Info.plist */,
			);
			path = customTableViewCell;
			sourceTree = "<group>";
		};
/* End PBXGroup section */

/* Begin PBXNativeTarget section */
		34F9463A1EFDAE56002251FC /* customTableViewCell */ = {
			isa = PBXNativeTarget;
			buildConfigurationList = 34F9464D1EFDAE56002251FC /* Build configuration list for PBXNativeTarget "customTableViewCell" */;
			buildPhases = (
				34F946371EFDAE56002251FC /* Sources */,
				34F946381EFDAE56002251FC /* Frameworks */,
				34F946391EFDAE56002251FC /* Resources */,
			);
			buildRules = (
			);
			dependencies = (
			);
			name = customTableViewCell;
			productName = customTableViewCell;
			productReference = 34F9463B1EFDAE56002251FC /* customTableViewCell.app */;
			productType = "com.apple.product-type.application";
		};
/* End PBXNativeTarget section */

/* Begin PBXProject section */
		34F946331EFDAE56002251FC /* Project object */ = {
			isa = PBXProject;
			attributes = {
				LastSwiftUpdateCheck = 0830;
				LastUpgradeCheck = 0830;
				ORGANIZATIONNAME = "Mohamed El-Naggar";
				TargetAttributes = {
					34F9463A1EFDAE56002251FC = {
						CreatedOnToolsVersion = 8.3.3;
						ProvisioningStyle = Automatic;
					};
				};
			};
			buildConfigurationList = 34F946361EFDAE56002251FC /* Build configuration list for PBXProject "customTableViewCell" */;
			compatibilityVersion = "Xcode 3.2";
			developmentRegion = English;
			hasScannedForEncodings = 0;
			knownRegions = (
				en,
				Base,
			);
			mainGroup = 34F946321EFDAE56002251FC;
			productRefGroup = 34F9463C1EFDAE56002251FC /* Products */;
			projectDirPath = "";
			projectRoot = "";
			targets = (
				34F9463A1EFDAE56002251FC /* customTableViewCell */,
			);
		};
/* End PBXProject section */

/* Begin PBXResourcesBuildPhase section */
		34F946391EFDAE56002251FC /* Resources */ = {
			isa = PBXResourcesBuildPhase;
			buildActionMask = 2147483647;
			files = (
				34F946531EFDAF2D002251FC /* u27.jpg in Resources */,
				34F946491EFDAE56002251FC /* LaunchScreen.storyboard in Resources */,
				34F946461EFDAE56002251FC /* Assets.xcassets in Resources */,
				34F946441EFDAE56002251FC /* Main.storyboard in Resources */,
			);
			runOnlyForDeploymentPostprocessing = 0;
		};
/* End PBXResourcesBuildPhase section */

/* Begin PBXSourcesBuildPhase section */
		34F946371EFDAE56002251FC /* Sources */ = {
			isa = PBXSourcesBuildPhase;
			buildActionMask = 2147483647;
			files = (
				34F946411EFDAE56002251FC /* ViewController.swift in Sources */,
				34F9463F1EFDAE56002251FC /* AppDelegate.swift in Sources */,
				34F946511EFDAF27002251FC /* customCell.swift in Sources */,
			);
			runOnlyForDeploymentPostprocessing = 0;
		};
/* End PBXSourcesBuildPhase section */

/* Begin PBXVariantGroup section */
		34F946421EFDAE56002251FC /* Main.storyboard */ = {
			isa = PBXVariantGroup;
			children = (
				34F946431EFDAE56002251FC /* Base */,
			);
			name = Main.storyboard;
			sourceTree = "<group>";
		};
		34F946471EFDAE56002251FC /* LaunchScreen.storyboard */ = {
			isa = PBXVariantGroup;
			children = (
				34F946481EFDAE56002251FC /* Base */,
			);
			name = LaunchScreen.storyboard;
			sourceTree = "<group>";
		};
/* End PBXVariantGroup section */

/* Begin XCBuildConfiguration section */
		34F9464B1EFDAE56002251FC /* Debug */ = {
			isa = XCBuildConfiguration;
			buildSettings = {
				ALWAYS_SEARCH_USER_PATHS = NO;
				CLANG_ANALYZER_NONNULL = YES;
				CLANG_ANALYZER_NUMBER_OBJECT_CONVERSION = YES_AGGRESSIVE;
				CLANG_CXX_LANGUAGE_STANDARD = "gnu++0x";
				CLANG_CXX_LIBRARY = "libc++";
				CLANG_ENABLE_MODULES = YES;
				CLANG_ENABLE_OBJC_ARC = YES;
				CLANG_WARN_BOOL_CONVERSION = YES;
				CLANG_WARN_CONSTANT_CONVERSION = YES;
				CLANG_WARN_DIRECT_OBJC_ISA_USAGE = YES_ERROR;
				CLANG_WARN_DOCUMENTATION_COMMENTS = YES;
				CLANG_WARN_EMPTY_BODY = YES;
				CLANG_WARN_ENUM_CONVERSION = YES;
				CLANG_WARN_INFINITE_RECURSION = YES;
				CLANG_WARN_INT_CONVERSION = YES;
				CLANG_WARN_OBJC_ROOT_CLASS = YES_ERROR;
				CLANG_WARN_SUSPICIOUS_MOVE = YES;
				CLANG_WARN_UNREACHABLE_CODE = YES;
				CLANG_WARN__DUPLICATE_METHOD_MATCH = YES;
				"CODE_SIGN_IDENTITY[sdk=iphoneos*]" = "iPhone Developer";
				COPY_PHASE_STRIP = NO;
				DEBUG_INFORMATION_FORMAT = dwarf;
				ENABLE_STRICT_OBJC_MSGSEND = YES;
				ENABLE_TESTABILITY = YES;
				GCC_C_LANGUAGE_STANDARD = gnu99;
				GCC_DYNAMIC_NO_PIC = NO;
				GCC_NO_COMMON_BLOCKS = YES;
				GCC_OPTIMIZATION_LEVEL = 0;
				GCC_PREPROCESSOR_DEFINITIONS = (
					"DEBUG=1",
					"$(inherited)",
				);
				GCC_WARN_64_TO_32_BIT_CONVERSION = YES;
				GCC_WARN_ABOUT_RETURN_TYPE = YES_ERROR;
				GCC_WARN_UNDECLARED_SELECTOR = YES;
				GCC_WARN_UNINITIALIZED_AUTOS = YES_AGGRESSIVE;
				GCC_WARN_UNUSED_FUNCTION = YES;
				GCC_WARN_UNUSED_VARIABLE = YES;
				IPHONEOS_DEPLOYMENT_TARGET = 10.3;
				MTL_ENABLE_DEBUG_INFO = YES;
				ONLY_ACTIVE_ARCH = YES;
				SDKROOT = iphoneos;
				SWIFT_ACTIVE_COMPILATION_CONDITIONS = DEBUG;
				SWIFT_OPTIMIZATION_LEVEL = "-Onone";
				TARGETED_DEVICE_FAMILY = "1,2";
			};
			name = Debug;
		};
		34F9464C1EFDAE56002251FC /* Release */ = {
			isa = XCBuildConfiguration;
			buildSettings = {
				ALWAYS_SEARCH_USER_PATHS = NO;
				CLANG_ANALYZER_NONNULL = YES;
				CLANG_ANALYZER_NUMBER_OBJECT_CONVERSION = YES_AGGRESSIVE;
				CLANG_CXX_LANGUAGE_STANDARD = "gnu++0x";
				CLANG_CXX_LIBRARY = "libc++";
				CLANG_ENABLE_MODULES = YES;
				CLANG_ENABLE_OBJC_ARC = YES;
				CLANG_WARN_BOOL_CONVERSION = YES;
				CLANG_WARN_CONSTANT_CONVERSION = YES;
				CLANG_WARN_DIRECT_OBJC_ISA_USAGE = YES_ERROR;
				CLANG_WARN_DOCUMENTATION_COMMENTS = YES;
				CLANG_WARN_EMPTY_BODY = YES;
				CLANG_WARN_ENUM_CONVERSION = YES;
				CLANG_WARN_INFINITE_RECURSION = YES;
				CLANG_WARN_INT_CONVERSION = YES;
				CLANG_WARN_OBJC_ROOT_CLASS = YES_ERROR;
				CLANG_WARN_SUSPICIOUS_MOVE = YES;
				CLANG_WARN_UNREACHABLE_CODE = YES;
				CLANG_WARN__DUPLICATE_METHOD_MATCH = YES;
				"CODE_SIGN_IDENTITY[sdk=iphoneos*]" = "iPhone Developer";
				COPY_PHASE_STRIP = NO;
				DEBUG_INFORMATION_FORMAT = "dwarf-with-dsym";
				ENABLE_NS_ASSERTIONS = NO;
				ENABLE_STRICT_OBJC_MSGSEND = YES;
				GCC_C_LANGUAGE_STANDARD = gnu99;
				GCC_NO_COMMON_BLOCKS = YES;
				GCC_WARN_64_TO_32_BIT_CONVERSION = YES;
				GCC_WARN_ABOUT_RETURN_TYPE = YES_ERROR;
				GCC_WARN_UNDECLARED_SELECTOR = YES;
				GCC_WARN_UNINITIALIZED_AUTOS = YES_AGGRESSIVE;
				GCC_WARN_UNUSED_FUNCTION = YES;
				GCC_WARN_UNUSED_VARIABLE = YES;
				IPHONEOS_DEPLOYMENT_TARGET = 10.3;
				MTL_ENABLE_DEBUG_INFO = NO;
				SDKROOT = iphoneos;
				SWIFT_OPTIMIZATION_LEVEL = "-Owholemodule";
				TARGETED_DEVICE_FAMILY = "1,2";
				VALIDATE_PRODUCT = YES;
			};
			name = Release;
		};
		34F9464E1EFDAE56002251FC /* Debug */ = {
			isa = XCBuildConfiguration;
			buildSettings = {
				ASSETCATALOG_COMPILER_APPICON_NAME = AppIcon;
				INFOPLIST_FILE = customTableViewCell/Info.plist;
				LD_RUNPATH_SEARCH_PATHS = "$(inherited) @executable_path/Frameworks";
				PRODUCT_BUNDLE_IDENTIFIER = Naggar.customTableViewCell;
				PRODUCT_NAME = "$(TARGET_NAME)";
				SWIFT_VERSION = 3.0;
			};
			name = Debug;
		};
		34F9464F1EFDAE56002251FC /* Release */ = {
			isa = XCBuildConfiguration;
			buildSettings = {
				ASSETCATALOG_COMPILER_APPICON_NAME = AppIcon;
				INFOPLIST_FILE = customTableViewCell/Info.plist;
				LD_RUNPATH_SEARCH_PATHS = "$(inherited) @executable_path/Frameworks";
				PRODUCT_BUNDLE_IDENTIFIER = Naggar.customTableViewCell;
				PRODUCT_NAME = "$(TARGET_NAME)";
				SWIFT_VERSION = 3.0;
			};
			name = Release;
		};
/* End XCBuildConfiguration section */

/* Begin XCConfigurationList section */
		34F946361EFDAE56002251FC /* Build configuration list for PBXProject "customTableViewCell" */ = {
			isa = XCConfigurationList;
			buildConfigurations = (
				34F9464B1EFDAE56002251FC /* Debug */,
				34F9464C1EFDAE56002251FC /* Release */,
			);
			defaultConfigurationIsVisible = 0;
			defaultConfigurationName = Release;
		};
		34F9464D1EFDAE56002251FC /* Build configuration list for PBXNativeTarget "customTableViewCell" */ = {
			isa = XCConfigurationList;
			buildConfigurations = (
				34F9464E1EFDAE56002251FC /* Debug */,
				34F9464F1EFDAE56002251FC /* Release */,
			);
			defaultConfigurationIsVisible = 0;
			defaultConfigurationName = Release;
		};
/* End XCConfigurationList section */
	};
	rootObject = 34F946331EFDAE56002251FC /* Project object */;
}
