// !$*UTF8*$!
{
	archiveVersion = 1;
	classes = {
	};
	objectVersion = 46;
	objects = {

/* Begin PBXBuildFile section */
		1B29B9F0D57339B1FCFE24C0 /* Pods_githubAPI.framework in Frameworks */ = {isa = PBXBuildFile; fileRef = 5456F5E1981A3D631B59AF39 /* Pods_githubAPI.framework */; };
		34B59B841EFBE54700FA761B /* AppDelegate.swift in Sources */ = {isa = PBXBuildFile; fileRef = 34B59B831EFBE54700FA761B /* AppDelegate.swift */; };
		34B59B861EFBE54700FA761B /* ViewController.swift in Sources */ = {isa = PBXBuildFile; fileRef = 34B59B851EFBE54700FA761B /* ViewController.swift */; };
		34B59B891EFBE54700FA761B /* Main.storyboard in Resources */ = {isa = PBXBuildFile; fileRef = 34B59B871EFBE54700FA761B /* Main.storyboard */; };
		34B59B8B1EFBE54700FA761B /* Assets.xcassets in Resources */ = {isa = PBXBuildFile; fileRef = 34B59B8A1EFBE54700FA761B /* Assets.xcassets */; };
		34B59B8E1EFBE54700FA761B /* LaunchScreen.storyboard in Resources */ = {isa = PBXBuildFile; fileRef = 34B59B8C1EFBE54700FA761B /* LaunchScreen.storyboard */; };
		34B59B961EFBE5BF00FA761B /* githubAPI.swift in Sources */ = {isa = PBXBuildFile; fileRef = 34B59B951EFBE5BF00FA761B /* githubAPI.swift */; };
		34B59B981EFBF3FD00FA761B /* secondVC.swift in Sources */ = {isa = PBXBuildFile; fileRef = 34B59B971EFBF3FC00FA761B /* secondVC.swift */; };
/* End PBXBuildFile section */

/* Begin PBXFileReference section */
		038D0F4709F885D73ED37966 /* Pods-githubAPI.release.xcconfig */ = {isa = PBXFileReference; includeInIndex = 1; lastKnownFileType = text.xcconfig; name = "Pods-githubAPI.release.xcconfig"; path = "Pods/Target Support Files/Pods-githubAPI/Pods-githubAPI.release.xcconfig"; sourceTree = "<group>"; };
		34B59B801EFBE54700FA761B /* githubAPI.app */ = {isa = PBXFileReference; explicitFileType = wrapper.application; includeInIndex = 0; path = githubAPI.app; sourceTree = BUILT_PRODUCTS_DIR; };
		34B59B831EFBE54700FA761B /* AppDelegate.swift */ = {isa = PBXFileReference; lastKnownFileType = sourcecode.swift; path = AppDelegate.swift; sourceTree = "<group>"; };
		34B59B851EFBE54700FA761B /* ViewController.swift */ = {isa = PBXFileReference; lastKnownFileType = sourcecode.swift; path = ViewController.swift; sourceTree = "<group>"; };
		34B59B881EFBE54700FA761B /* Base */ = {isa = PBXFileReference; lastKnownFileType = file.storyboard; name = Base; path = Base.lproj/Main.storyboard; sourceTree = "<group>"; };
		34B59B8A1EFBE54700FA761B /* Assets.xcassets */ = {isa = PBXFileReference; lastKnownFileType = folder.assetcatalog; path = Assets.xcassets; sourceTree = "<group>"; };
		34B59B8D1EFBE54700FA761B /* Base */ = {isa = PBXFileReference; lastKnownFileType = file.storyboard; name = Base; path = Base.lproj/LaunchScreen.storyboard; sourceTree = "<group>"; };
		34B59B8F1EFBE54700FA761B /* Info.plist */ = {isa = PBXFileReference; lastKnownFileType = text.plist.xml; path = Info.plist; sourceTree = "<group>"; };
		34B59B951EFBE5BF00FA761B /* githubAPI.swift */ = {isa = PBXFileReference; fileEncoding = 4; lastKnownFileType = sourcecode.swift; path = githubAPI.swift; sourceTree = "<group>"; };
		34B59B971EFBF3FC00FA761B /* secondVC.swift */ = {isa = PBXFileReference; fileEncoding = 4; lastKnownFileType = sourcecode.swift; path = secondVC.swift; sourceTree = "<group>"; };
		5456F5E1981A3D631B59AF39 /* Pods_githubAPI.framework */ = {isa = PBXFileReference; explicitFileType = wrapper.framework; includeInIndex = 0; path = Pods_githubAPI.framework; sourceTree = BUILT_PRODUCTS_DIR; };
		AFB0F8C69512C501BBDDFACE /* Pods-githubAPI.debug.xcconfig */ = {isa = PBXFileReference; includeInIndex = 1; lastKnownFileType = text.xcconfig; name = "Pods-githubAPI.debug.xcconfig"; path = "Pods/Target Support Files/Pods-githubAPI/Pods-githubAPI.debug.xcconfig"; sourceTree = "<group>"; };
/* End PBXFileReference section */

/* Begin PBXFrameworksBuildPhase section */
		34B59B7D1EFBE54700FA761B /* Frameworks */ = {
			isa = PBXFrameworksBuildPhase;
			buildActionMask = 2147483647;
			files = (
				1B29B9F0D57339B1FCFE24C0 /* Pods_githubAPI.framework in Frameworks */,
			);
			runOnlyForDeploymentPostprocessing = 0;
		};
/* End PBXFrameworksBuildPhase section */

/* Begin PBXGroup section */
		34B59B771EFBE54700FA761B = {
			isa = PBXGroup;
			children = (
				34B59B821EFBE54700FA761B /* githubAPI */,
				34B59B811EFBE54700FA761B /* Products */,
				4010D94C75F254EEF3B34D7B /* Pods */,
				3706C23EC577641CB16FBCAF /* Frameworks */,
			);
			sourceTree = "<group>";
		};
		34B59B811EFBE54700FA761B /* Products */ = {
			isa = PBXGroup;
			children = (
				34B59B801EFBE54700FA761B /* githubAPI.app */,
			);
			name = Products;
			sourceTree = "<group>";
		};
		34B59B821EFBE54700FA761B /* githubAPI */ = {
			isa = PBXGroup;
			children = (
				34B59B9B1EFBFEB700FA761B /* API */,
				34B59B9C1EFBFEBD00FA761B /* Controllers */,
				34B59B9A1EFBFEAB00FA761B /* Views */,
				34B59B991EFBFE9F00FA761B /* SupportingFiles */,
			);
			path = githubAPI;
			sourceTree = "<group>";
		};
		34B59B991EFBFE9F00FA761B /* SupportingFiles */ = {
			isa = PBXGroup;
			children = (
				34B59B831EFBE54700FA761B /* AppDelegate.swift */,
				34B59B8A1EFBE54700FA761B /* Assets.xcassets */,
				34B59B8C1EFBE54700FA761B /* LaunchScreen.storyboard */,
				34B59B8F1EFBE54700FA761B /* Info.plist */,
			);
			name = SupportingFiles;
			sourceTree = "<group>";
		};
		34B59B9A1EFBFEAB00FA761B /* Views */ = {
			isa = PBXGroup;
			children = (
				34B59B871EFBE54700FA761B /* Main.storyboard */,
			);
			name = Views;
			sourceTree = "<group>";
		};
		34B59B9B1EFBFEB700FA761B /* API */ = {
			isa = PBXGroup;
			children = (
				34B59B951EFBE5BF00FA761B /* githubAPI.swift */,
			);
			name = API;
			sourceTree = "<group>";
		};
		34B59B9C1EFBFEBD00FA761B /* Controllers */ = {
			isa = PBXGroup;
			children = (
				34B59B851EFBE54700FA761B /* ViewController.swift */,
				34B59B971EFBF3FC00FA761B /* secondVC.swift */,
			);
			name = Controllers;
			sourceTree = "<group>";
		};
		3706C23EC577641CB16FBCAF /* Frameworks */ = {
			isa = PBXGroup;
			children = (
				5456F5E1981A3D631B59AF39 /* Pods_githubAPI.framework */,
			);
			name = Frameworks;
			sourceTree = "<group>";
		};
		4010D94C75F254EEF3B34D7B /* Pods */ = {
			isa = PBXGroup;
			children = (
				AFB0F8C69512C501BBDDFACE /* Pods-githubAPI.debug.xcconfig */,
				038D0F4709F885D73ED37966 /* Pods-githubAPI.release.xcconfig */,
			);
			name = Pods;
			sourceTree = "<group>";
		};
/* End PBXGroup section */

/* Begin PBXNativeTarget section */
		34B59B7F1EFBE54700FA761B /* githubAPI */ = {
			isa = PBXNativeTarget;
			buildConfigurationList = 34B59B921EFBE54700FA761B /* Build configuration list for PBXNativeTarget "githubAPI" */;
			buildPhases = (
				51F449887952C79FAD3798EC /* [CP] Check Pods Manifest.lock */,
				34B59B7C1EFBE54700FA761B /* Sources */,
				34B59B7D1EFBE54700FA761B /* Frameworks */,
				34B59B7E1EFBE54700FA761B /* Resources */,
				6D2300FDFA23233F0D44D8F2 /* [CP] Embed Pods Frameworks */,
				EC6BE23643FD4D85F26C46BF /* [CP] Copy Pods Resources */,
			);
			buildRules = (
			);
			dependencies = (
			);
			name = githubAPI;
			productName = githubAPI;
			productReference = 34B59B801EFBE54700FA761B /* githubAPI.app */;
			productType = "com.apple.product-type.application";
		};
/* End PBXNativeTarget section */

/* Begin PBXProject section */
		34B59B781EFBE54700FA761B /* Project object */ = {
			isa = PBXProject;
			attributes = {
				LastSwiftUpdateCheck = 0830;
				LastUpgradeCheck = 0830;
				ORGANIZATIONNAME = "Mohamed El-Naggar";
				TargetAttributes = {
					34B59B7F1EFBE54700FA761B = {
						CreatedOnToolsVersion = 8.3.3;
						ProvisioningStyle = Automatic;
					};
				};
			};
			buildConfigurationList = 34B59B7B1EFBE54700FA761B /* Build configuration list for PBXProject "githubAPI" */;
			compatibilityVersion = "Xcode 3.2";
			developmentRegion = English;
			hasScannedForEncodings = 0;
			knownRegions = (
				en,
				Base,
			);
			mainGroup = 34B59B771EFBE54700FA761B;
			productRefGroup = 34B59B811EFBE54700FA761B /* Products */;
			projectDirPath = "";
			projectRoot = "";
			targets = (
				34B59B7F1EFBE54700FA761B /* githubAPI */,
			);
		};
/* End PBXProject section */

/* Begin PBXResourcesBuildPhase section */
		34B59B7E1EFBE54700FA761B /* Resources */ = {
			isa = PBXResourcesBuildPhase;
			buildActionMask = 2147483647;
			files = (
				34B59B8E1EFBE54700FA761B /* LaunchScreen.storyboard in Resources */,
				34B59B8B1EFBE54700FA761B /* Assets.xcassets in Resources */,
				34B59B891EFBE54700FA761B /* Main.storyboard in Resources */,
			);
			runOnlyForDeploymentPostprocessing = 0;
		};
/* End PBXResourcesBuildPhase section */

/* Begin PBXShellScriptBuildPhase section */
		51F449887952C79FAD3798EC /* [CP] Check Pods Manifest.lock */ = {
			isa = PBXShellScriptBuildPhase;
			buildActionMask = 2147483647;
			files = (
			);
			inputPaths = (
			);
			name = "[CP] Check Pods Manifest.lock";
			outputPaths = (
			);
			runOnlyForDeploymentPostprocessing = 0;
			shellPath = /bin/sh;
			shellScript = "diff \"${PODS_PODFILE_DIR_PATH}/Podfile.lock\" \"${PODS_ROOT}/Manifest.lock\" > /dev/null\nif [ $? != 0 ] ; then\n    # print error to STDERR\n    echo \"error: The sandbox is not in sync with the Podfile.lock. Run 'pod install' or update your CocoaPods installation.\" >&2\n    exit 1\nfi\n";
			showEnvVarsInLog = 0;
		};
		6D2300FDFA23233F0D44D8F2 /* [CP] Embed Pods Frameworks */ = {
			isa = PBXShellScriptBuildPhase;
			buildActionMask = 2147483647;
			files = (
			);
			inputPaths = (
			);
			name = "[CP] Embed Pods Frameworks";
			outputPaths = (
			);
			runOnlyForDeploymentPostprocessing = 0;
			shellPath = /bin/sh;
			shellScript = "\"${SRCROOT}/Pods/Target Support Files/Pods-githubAPI/Pods-githubAPI-frameworks.sh\"\n";
			showEnvVarsInLog = 0;
		};
		EC6BE23643FD4D85F26C46BF /* [CP] Copy Pods Resources */ = {
			isa = PBXShellScriptBuildPhase;
			buildActionMask = 2147483647;
			files = (
			);
			inputPaths = (
			);
			name = "[CP] Copy Pods Resources";
			outputPaths = (
			);
			runOnlyForDeploymentPostprocessing = 0;
			shellPath = /bin/sh;
			shellScript = "\"${SRCROOT}/Pods/Target Support Files/Pods-githubAPI/Pods-githubAPI-resources.sh\"\n";
			showEnvVarsInLog = 0;
		};
/* End PBXShellScriptBuildPhase section */

/* Begin PBXSourcesBuildPhase section */
		34B59B7C1EFBE54700FA761B /* Sources */ = {
			isa = PBXSourcesBuildPhase;
			buildActionMask = 2147483647;
			files = (
				34B59B861EFBE54700FA761B /* ViewController.swift in Sources */,
				34B59B961EFBE5BF00FA761B /* githubAPI.swift in Sources */,
				34B59B981EFBF3FD00FA761B /* secondVC.swift in Sources */,
				34B59B841EFBE54700FA761B /* AppDelegate.swift in Sources */,
			);
			runOnlyForDeploymentPostprocessing = 0;
		};
/* End PBXSourcesBuildPhase section */

/* Begin PBXVariantGroup section */
		34B59B871EFBE54700FA761B /* Main.storyboard */ = {
			isa = PBXVariantGroup;
			children = (
				34B59B881EFBE54700FA761B /* Base */,
			);
			name = Main.storyboard;
			sourceTree = "<group>";
		};
		34B59B8C1EFBE54700FA761B /* LaunchScreen.storyboard */ = {
			isa = PBXVariantGroup;
			children = (
				34B59B8D1EFBE54700FA761B /* Base */,
			);
			name = LaunchScreen.storyboard;
			sourceTree = "<group>";
		};
/* End PBXVariantGroup section */

/* Begin XCBuildConfiguration section */
		34B59B901EFBE54700FA761B /* Debug */ = {
			isa = XCBuildConfiguration;
			buildSettings = {
				ALWAYS_SEARCH_USER_PATHS = NO;
				CLANG_ANALYZER_NONNULL = YES;
				CLANG_ANALYZER_NUMBER_OBJECT_CONVERSION = YES_AGGRESSIVE;
				CLANG_CXX_LANGUAGE_STANDARD = "gnu++0x";
				CLANG_CXX_LIBRARY = "libc++";
				CLANG_ENABLE_MODULES = YES;
				CLANG_ENABLE_OBJC_ARC = YES;
				CLANG_WARN_BOOL_CONVERSION = YES;
				CLANG_WARN_CONSTANT_CONVERSION = YES;
				CLANG_WARN_DIRECT_OBJC_ISA_USAGE = YES_ERROR;
				CLANG_WARN_DOCUMENTATION_COMMENTS = YES;
				CLANG_WARN_EMPTY_BODY = YES;
				CLANG_WARN_ENUM_CONVERSION = YES;
				CLANG_WARN_INFINITE_RECURSION = YES;
				CLANG_WARN_INT_CONVERSION = YES;
				CLANG_WARN_OBJC_ROOT_CLASS = YES_ERROR;
				CLANG_WARN_SUSPICIOUS_MOVE = YES;
				CLANG_WARN_UNREACHABLE_CODE = YES;
				CLANG_WARN__DUPLICATE_METHOD_MATCH = YES;
				"CODE_SIGN_IDENTITY[sdk=iphoneos*]" = "iPhone Developer";
				COPY_PHASE_STRIP = NO;
				DEBUG_INFORMATION_FORMAT = dwarf;
				ENABLE_STRICT_OBJC_MSGSEND = YES;
				ENABLE_TESTABILITY = YES;
				GCC_C_LANGUAGE_STANDARD = gnu99;
				GCC_DYNAMIC_NO_PIC = NO;
				GCC_NO_COMMON_BLOCKS = YES;
				GCC_OPTIMIZATION_LEVEL = 0;
				GCC_PREPROCESSOR_DEFINITIONS = (
					"DEBUG=1",
					"$(inherited)",
				);
				GCC_WARN_64_TO_32_BIT_CONVERSION = YES;
				GCC_WARN_ABOUT_RETURN_TYPE = YES_ERROR;
				GCC_WARN_UNDECLARED_SELECTOR = YES;
				GCC_WARN_UNINITIALIZED_AUTOS = YES_AGGRESSIVE;
				GCC_WARN_UNUSED_FUNCTION = YES;
				GCC_WARN_UNUSED_VARIABLE = YES;
				IPHONEOS_DEPLOYMENT_TARGET = 10.3;
				MTL_ENABLE_DEBUG_INFO = YES;
				ONLY_ACTIVE_ARCH = YES;
				SDKROOT = iphoneos;
				SWIFT_ACTIVE_COMPILATION_CONDITIONS = DEBUG;
				SWIFT_OPTIMIZATION_LEVEL = "-Onone";
				TARGETED_DEVICE_FAMILY = "1,2";
			};
			name = Debug;
		};
		34B59B911EFBE54700FA761B /* Release */ = {
			isa = XCBuildConfiguration;
			buildSettings = {
				ALWAYS_SEARCH_USER_PATHS = NO;
				CLANG_ANALYZER_NONNULL = YES;
				CLANG_ANALYZER_NUMBER_OBJECT_CONVERSION = YES_AGGRESSIVE;
				CLANG_CXX_LANGUAGE_STANDARD = "gnu++0x";
				CLANG_CXX_LIBRARY = "libc++";
				CLANG_ENABLE_MODULES = YES;
				CLANG_ENABLE_OBJC_ARC = YES;
				CLANG_WARN_BOOL_CONVERSION = YES;
				CLANG_WARN_CONSTANT_CONVERSION = YES;
				CLANG_WARN_DIRECT_OBJC_ISA_USAGE = YES_ERROR;
				CLANG_WARN_DOCUMENTATION_COMMENTS = YES;
				CLANG_WARN_EMPTY_BODY = YES;
				CLANG_WARN_ENUM_CONVERSION = YES;
				CLANG_WARN_INFINITE_RECURSION = YES;
				CLANG_WARN_INT_CONVERSION = YES;
				CLANG_WARN_OBJC_ROOT_CLASS = YES_ERROR;
				CLANG_WARN_SUSPICIOUS_MOVE = YES;
				CLANG_WARN_UNREACHABLE_CODE = YES;
				CLANG_WARN__DUPLICATE_METHOD_MATCH = YES;
				"CODE_SIGN_IDENTITY[sdk=iphoneos*]" = "iPhone Developer";
				COPY_PHASE_STRIP = NO;
				DEBUG_INFORMATION_FORMAT = "dwarf-with-dsym";
				ENABLE_NS_ASSERTIONS = NO;
				ENABLE_STRICT_OBJC_MSGSEND = YES;
				GCC_C_LANGUAGE_STANDARD = gnu99;
				GCC_NO_COMMON_BLOCKS = YES;
				GCC_WARN_64_TO_32_BIT_CONVERSION = YES;
				GCC_WARN_ABOUT_RETURN_TYPE = YES_ERROR;
				GCC_WARN_UNDECLARED_SELECTOR = YES;
				GCC_WARN_UNINITIALIZED_AUTOS = YES_AGGRESSIVE;
				GCC_WARN_UNUSED_FUNCTION = YES;
				GCC_WARN_UNUSED_VARIABLE = YES;
				IPHONEOS_DEPLOYMENT_TARGET = 10.3;
				MTL_ENABLE_DEBUG_INFO = NO;
				SDKROOT = iphoneos;
				SWIFT_OPTIMIZATION_LEVEL = "-Owholemodule";
				TARGETED_DEVICE_FAMILY = "1,2";
				VALIDATE_PRODUCT = YES;
			};
			name = Release;
		};
		34B59B931EFBE54700FA761B /* Debug */ = {
			isa = XCBuildConfiguration;
			baseConfigurationReference = AFB0F8C69512C501BBDDFACE /* Pods-githubAPI.debug.xcconfig */;
			buildSettings = {
				ASSETCATALOG_COMPILER_APPICON_NAME = AppIcon;
				INFOPLIST_FILE = githubAPI/Info.plist;
				LD_RUNPATH_SEARCH_PATHS = "$(inherited) @executable_path/Frameworks";
				PRODUCT_BUNDLE_IDENTIFIER = Naggar.githubAPI;
				PRODUCT_NAME = "$(TARGET_NAME)";
				SWIFT_VERSION = 3.0;
			};
			name = Debug;
		};
		34B59B941EFBE54700FA761B /* Release */ = {
			isa = XCBuildConfiguration;
			baseConfigurationReference = 038D0F4709F885D73ED37966 /* Pods-githubAPI.release.xcconfig */;
			buildSettings = {
				ASSETCATALOG_COMPILER_APPICON_NAME = AppIcon;
				INFOPLIST_FILE = githubAPI/Info.plist;
				LD_RUNPATH_SEARCH_PATHS = "$(inherited) @executable_path/Frameworks";
				PRODUCT_BUNDLE_IDENTIFIER = Naggar.githubAPI;
				PRODUCT_NAME = "$(TARGET_NAME)";
				SWIFT_VERSION = 3.0;
			};
			name = Release;
		};
/* End XCBuildConfiguration section */

/* Begin XCConfigurationList section */
		34B59B7B1EFBE54700FA761B /* Build configuration list for PBXProject "githubAPI" */ = {
			isa = XCConfigurationList;
			buildConfigurations = (
				34B59B901EFBE54700FA761B /* Debug */,
				34B59B911EFBE54700FA761B /* Release */,
			);
			defaultConfigurationIsVisible = 0;
			defaultConfigurationName = Release;
		};
		34B59B921EFBE54700FA761B /* Build configuration list for PBXNativeTarget "githubAPI" */ = {
			isa = XCConfigurationList;
			buildConfigurations = (
				34B59B931EFBE54700FA761B /* Debug */,
				34B59B941EFBE54700FA761B /* Release */,
			);
			defaultConfigurationIsVisible = 0;
			defaultConfigurationName = Release;
		};
/* End XCConfigurationList section */
	};
	rootObject = 34B59B781EFBE54700FA761B /* Project object */;
}
